// !$*UTF8*$!
{
	archiveVersion = 1;
	classes = {
	};
	objectVersion = 46;
	objects = {

/* Begin PBXBuildFile section */
		F207546717DFB2E100981BE4 /* Measurement.m in Sources */ = {isa = PBXBuildFile; fileRef = F207546617DFB2E100981BE4 /* Measurement.m */; };
		F207546817DFB2E100981BE4 /* Measurement.m in Sources */ = {isa = PBXBuildFile; fileRef = F207546617DFB2E100981BE4 /* Measurement.m */; };
		F22F2B1F17EDCCAC00EEFABD /* Images.xcassets in Resources */ = {isa = PBXBuildFile; fileRef = F22F2B1E17EDCCAC00EEFABD /* Images.xcassets */; };
		F23EE43D17E25396005D5572 /* Prediction.m in Sources */ = {isa = PBXBuildFile; fileRef = F23EE43C17E25396005D5572 /* Prediction.m */; };
		F23EE43E17E25396005D5572 /* Prediction.m in Sources */ = {isa = PBXBuildFile; fileRef = F23EE43C17E25396005D5572 /* Prediction.m */; };
		F23EE44117E25757005D5572 /* PredictionsOverviewViewController.m in Sources */ = {isa = PBXBuildFile; fileRef = F23EE44017E25757005D5572 /* PredictionsOverviewViewController.m */; };
		F23EE44217E25757005D5572 /* PredictionsOverviewViewController.m in Sources */ = {isa = PBXBuildFile; fileRef = F23EE44017E25757005D5572 /* PredictionsOverviewViewController.m */; };
		F23EE44617E259F8005D5572 /* PredictionOverviewView.m in Sources */ = {isa = PBXBuildFile; fileRef = F23EE44517E259F8005D5572 /* PredictionOverviewView.m */; };
		F23EE44717E259F8005D5572 /* PredictionOverviewView.m in Sources */ = {isa = PBXBuildFile; fileRef = F23EE44517E259F8005D5572 /* PredictionOverviewView.m */; };
		F24BCAB917DB793900A09272 /* LocationServiceViewController.m in Sources */ = {isa = PBXBuildFile; fileRef = F24BCAB817DB793900A09272 /* LocationServiceViewController.m */; };
		F24BCABA17DB793900A09272 /* LocationServiceViewController.m in Sources */ = {isa = PBXBuildFile; fileRef = F24BCAB817DB793900A09272 /* LocationServiceViewController.m */; };
		F24BCABE17DB79AB00A09272 /* LocationServiceLookAndFeel.m in Sources */ = {isa = PBXBuildFile; fileRef = F24BCABD17DB79AB00A09272 /* LocationServiceLookAndFeel.m */; };
		F24BCABF17DB79AB00A09272 /* LocationServiceLookAndFeel.m in Sources */ = {isa = PBXBuildFile; fileRef = F24BCABD17DB79AB00A09272 /* LocationServiceLookAndFeel.m */; };
		F24BCAC217DB8B0000A09272 /* LocationCell.m in Sources */ = {isa = PBXBuildFile; fileRef = F24BCAC117DB8B0000A09272 /* LocationCell.m */; };
		F24BCAC317DB8B0000A09272 /* LocationCell.m in Sources */ = {isa = PBXBuildFile; fileRef = F24BCAC117DB8B0000A09272 /* LocationCell.m */; };
		F24BCAC617DBC8B500A09272 /* AddCurrentLocationCell.m in Sources */ = {isa = PBXBuildFile; fileRef = F24BCAC517DBC8B500A09272 /* AddCurrentLocationCell.m */; };
		F24BCAC717DBC8B500A09272 /* AddCurrentLocationCell.m in Sources */ = {isa = PBXBuildFile; fileRef = F24BCAC517DBC8B500A09272 /* AddCurrentLocationCell.m */; };
		F272CFDA17DCC4F4004C09A2 /* Geofence.m in Sources */ = {isa = PBXBuildFile; fileRef = F272CFD917DCC4F4004C09A2 /* Geofence.m */; };
		F272CFDB17DCC4F4004C09A2 /* Geofence.m in Sources */ = {isa = PBXBuildFile; fileRef = F272CFD917DCC4F4004C09A2 /* Geofence.m */; };
		F28D937517F0E47A0044943E /* DescriptionView.m in Sources */ = {isa = PBXBuildFile; fileRef = F28D937417F0E47A0044943E /* DescriptionView.m */; };
		F28D937617F0E47A0044943E /* DescriptionView.m in Sources */ = {isa = PBXBuildFile; fileRef = F28D937417F0E47A0044943E /* DescriptionView.m */; };
		F28D937917F616350044943E /* Utilities.m in Sources */ = {isa = PBXBuildFile; fileRef = F28D937817F616350044943E /* Utilities.m */; };
		F28D937A17F616350044943E /* Utilities.m in Sources */ = {isa = PBXBuildFile; fileRef = F28D937817F616350044943E /* Utilities.m */; };
		F291949617F70CD00036D6E3 /* DescriptionScrollView.m in Sources */ = {isa = PBXBuildFile; fileRef = F291949517F70CD00036D6E3 /* DescriptionScrollView.m */; };
		F291949717F70CD00036D6E3 /* DescriptionScrollView.m in Sources */ = {isa = PBXBuildFile; fileRef = F291949517F70CD00036D6E3 /* DescriptionScrollView.m */; };
		F2A0DDE317CE9CA200EA93AF /* Foundation.framework in Frameworks */ = {isa = PBXBuildFile; fileRef = F2A0DDE217CE9CA200EA93AF /* Foundation.framework */; };
		F2A0DDE517CE9CA200EA93AF /* CoreGraphics.framework in Frameworks */ = {isa = PBXBuildFile; fileRef = F2A0DDE417CE9CA200EA93AF /* CoreGraphics.framework */; };
		F2A0DDE717CE9CA200EA93AF /* UIKit.framework in Frameworks */ = {isa = PBXBuildFile; fileRef = F2A0DDE617CE9CA200EA93AF /* UIKit.framework */; };
		F2A0DDE917CE9CA200EA93AF /* CoreData.framework in Frameworks */ = {isa = PBXBuildFile; fileRef = F2A0DDE817CE9CA200EA93AF /* CoreData.framework */; };
		F2A0DDEF17CE9CA300EA93AF /* InfoPlist.strings in Resources */ = {isa = PBXBuildFile; fileRef = F2A0DDED17CE9CA300EA93AF /* InfoPlist.strings */; };
		F2A0DDF117CE9CA300EA93AF /* main.m in Sources */ = {isa = PBXBuildFile; fileRef = F2A0DDF017CE9CA300EA93AF /* main.m */; };
		F2A0DDF517CE9CA300EA93AF /* AppDelegate.m in Sources */ = {isa = PBXBuildFile; fileRef = F2A0DDF417CE9CA300EA93AF /* AppDelegate.m */; };
		F2A0DDF817CE9CA300EA93AF /* Until_Off.xcdatamodeld in Sources */ = {isa = PBXBuildFile; fileRef = F2A0DDF617CE9CA300EA93AF /* Until_Off.xcdatamodeld */; };
		F2A0DE0117CE9CA300EA93AF /* XCTest.framework in Frameworks */ = {isa = PBXBuildFile; fileRef = F2A0DE0017CE9CA300EA93AF /* XCTest.framework */; };
		F2A0DE0217CE9CA300EA93AF /* Foundation.framework in Frameworks */ = {isa = PBXBuildFile; fileRef = F2A0DDE217CE9CA200EA93AF /* Foundation.framework */; };
		F2A0DE0317CE9CA300EA93AF /* UIKit.framework in Frameworks */ = {isa = PBXBuildFile; fileRef = F2A0DDE617CE9CA200EA93AF /* UIKit.framework */; };
		F2A0DE0417CE9CA300EA93AF /* CoreData.framework in Frameworks */ = {isa = PBXBuildFile; fileRef = F2A0DDE817CE9CA200EA93AF /* CoreData.framework */; };
		F2A0DE0C17CE9CA300EA93AF /* InfoPlist.strings in Resources */ = {isa = PBXBuildFile; fileRef = F2A0DE0A17CE9CA300EA93AF /* InfoPlist.strings */; };
		F2A0DE1A17CFDC1200EA93AF /* MainViewController.m in Sources */ = {isa = PBXBuildFile; fileRef = F2A0DE1917CFDC1200EA93AF /* MainViewController.m */; };
		F2A0DE1B17CFDC1200EA93AF /* MainViewController.m in Sources */ = {isa = PBXBuildFile; fileRef = F2A0DE1917CFDC1200EA93AF /* MainViewController.m */; };
		F2A0DE2A17D3C88B00EA93AF /* BatteryCalculationTests.m in Sources */ = {isa = PBXBuildFile; fileRef = F2A0DE2917D3C88B00EA93AF /* BatteryCalculationTests.m */; };
		F2A0DE2D17D3CCEC00EA93AF /* BatteryCalculation.m in Sources */ = {isa = PBXBuildFile; fileRef = F2A0DE2C17D3CCEC00EA93AF /* BatteryCalculation.m */; };
		F2A0DE2E17D3CCEC00EA93AF /* BatteryCalculation.m in Sources */ = {isa = PBXBuildFile; fileRef = F2A0DE2C17D3CCEC00EA93AF /* BatteryCalculation.m */; };
		F2A0DE3117D3CD3A00EA93AF /* MainView.m in Sources */ = {isa = PBXBuildFile; fileRef = F2A0DE3017D3CD3A00EA93AF /* MainView.m */; };
		F2A0DE3217D3CD3A00EA93AF /* MainView.m in Sources */ = {isa = PBXBuildFile; fileRef = F2A0DE3017D3CD3A00EA93AF /* MainView.m */; };
		F2A0DE3517D5248F00EA93AF /* MockMeasurement.m in Sources */ = {isa = PBXBuildFile; fileRef = F2A0DE3417D5248F00EA93AF /* MockMeasurement.m */; };
		F2A0DE3717DB44F100EA93AF /* CoreLocation.framework in Frameworks */ = {isa = PBXBuildFile; fileRef = F2A0DE3617DB44F100EA93AF /* CoreLocation.framework */; };
		F2AE7F0117E7990D00A1778F /* MainViewControllerTests.m in Sources */ = {isa = PBXBuildFile; fileRef = F2AE7F0017E7990D00A1778F /* MainViewControllerTests.m */; };
		F2AE7F0317EA33AF00A1778F /* MeasurementsManagerTests.m in Sources */ = {isa = PBXBuildFile; fileRef = F2AE7F0217EA33AF00A1778F /* MeasurementsManagerTests.m */; };
		F2AE7F0617EA3C6700A1778F /* MeasurementsManager.m in Sources */ = {isa = PBXBuildFile; fileRef = F2AE7F0517EA3C6700A1778F /* MeasurementsManager.m */; };
		F2AE7F0717EA3C6700A1778F /* MeasurementsManager.m in Sources */ = {isa = PBXBuildFile; fileRef = F2AE7F0517EA3C6700A1778F /* MeasurementsManager.m */; };
		F2AE7F0A17EB8F0D00A1778F /* LocationHeaderView.m in Sources */ = {isa = PBXBuildFile; fileRef = F2AE7F0917EB8F0D00A1778F /* LocationHeaderView.m */; };
		F2AE7F0B17EB8F0D00A1778F /* LocationHeaderView.m in Sources */ = {isa = PBXBuildFile; fileRef = F2AE7F0917EB8F0D00A1778F /* LocationHeaderView.m */; };
/* End PBXBuildFile section */

/* Begin PBXContainerItemProxy section */
		F2A0DE0517CE9CA300EA93AF /* PBXContainerItemProxy */ = {
			isa = PBXContainerItemProxy;
			containerPortal = F2A0DDD717CE9CA200EA93AF /* Project object */;
			proxyType = 1;
			remoteGlobalIDString = F2A0DDDE17CE9CA200EA93AF;
			remoteInfo = "Until Off";
		};
/* End PBXContainerItemProxy section */

/* Begin PBXFileReference section */
		F207546517DFB2E100981BE4 /* Measurement.h */ = {isa = PBXFileReference; fileEncoding = 4; lastKnownFileType = sourcecode.c.h; name = Measurement.h; path = Data/Measurement.h; sourceTree = "<group>"; };
		F207546617DFB2E100981BE4 /* Measurement.m */ = {isa = PBXFileReference; fileEncoding = 4; lastKnownFileType = sourcecode.c.objc; name = Measurement.m; path = Data/Measurement.m; sourceTree = "<group>"; };
		F22F2B1E17EDCCAC00EEFABD /* Images.xcassets */ = {isa = PBXFileReference; lastKnownFileType = folder.assetcatalog; name = Images.xcassets; path = ../../../../.Trash/Images.xcassets; sourceTree = "<group>"; };
		F23EE43B17E25396005D5572 /* Prediction.h */ = {isa = PBXFileReference; fileEncoding = 4; lastKnownFileType = sourcecode.c.h; name = Prediction.h; path = Data/Prediction.h; sourceTree = "<group>"; };
		F23EE43C17E25396005D5572 /* Prediction.m */ = {isa = PBXFileReference; fileEncoding = 4; lastKnownFileType = sourcecode.c.objc; name = Prediction.m; path = Data/Prediction.m; sourceTree = "<group>"; };
		F23EE43F17E25757005D5572 /* PredictionsOverviewViewController.h */ = {isa = PBXFileReference; fileEncoding = 4; lastKnownFileType = sourcecode.c.h; name = PredictionsOverviewViewController.h; path = PredictionsOverview/PredictionsOverviewViewController.h; sourceTree = "<group>"; };
		F23EE44017E25757005D5572 /* PredictionsOverviewViewController.m */ = {isa = PBXFileReference; fileEncoding = 4; lastKnownFileType = sourcecode.c.objc; name = PredictionsOverviewViewController.m; path = PredictionsOverview/PredictionsOverviewViewController.m; sourceTree = "<group>"; };
		F23EE44417E259F8005D5572 /* PredictionOverviewView.h */ = {isa = PBXFileReference; fileEncoding = 4; lastKnownFileType = sourcecode.c.h; name = PredictionOverviewView.h; path = PredictionsOverview/PredictionOverviewView.h; sourceTree = "<group>"; };
		F23EE44517E259F8005D5572 /* PredictionOverviewView.m */ = {isa = PBXFileReference; fileEncoding = 4; lastKnownFileType = sourcecode.c.objc; name = PredictionOverviewView.m; path = PredictionsOverview/PredictionOverviewView.m; sourceTree = "<group>"; };
		F24BCAB717DB793900A09272 /* LocationServiceViewController.h */ = {isa = PBXFileReference; fileEncoding = 4; lastKnownFileType = sourcecode.c.h; name = LocationServiceViewController.h; path = LocationService/LocationServiceViewController.h; sourceTree = "<group>"; };
		F24BCAB817DB793900A09272 /* LocationServiceViewController.m */ = {isa = PBXFileReference; fileEncoding = 4; lastKnownFileType = sourcecode.c.objc; name = LocationServiceViewController.m; path = LocationService/LocationServiceViewController.m; sourceTree = "<group>"; };
		F24BCABC17DB79AB00A09272 /* LocationServiceLookAndFeel.h */ = {isa = PBXFileReference; fileEncoding = 4; lastKnownFileType = sourcecode.c.h; name = LocationServiceLookAndFeel.h; path = LocationService/LocationServiceLookAndFeel.h; sourceTree = "<group>"; };
		F24BCABD17DB79AB00A09272 /* LocationServiceLookAndFeel.m */ = {isa = PBXFileReference; fileEncoding = 4; lastKnownFileType = sourcecode.c.objc; name = LocationServiceLookAndFeel.m; path = LocationService/LocationServiceLookAndFeel.m; sourceTree = "<group>"; };
		F24BCAC017DB8B0000A09272 /* LocationCell.h */ = {isa = PBXFileReference; fileEncoding = 4; lastKnownFileType = sourcecode.c.h; name = LocationCell.h; path = LocationService/LocationCell.h; sourceTree = "<group>"; };
		F24BCAC117DB8B0000A09272 /* LocationCell.m */ = {isa = PBXFileReference; fileEncoding = 4; lastKnownFileType = sourcecode.c.objc; name = LocationCell.m; path = LocationService/LocationCell.m; sourceTree = "<group>"; };
		F24BCAC417DBC8B500A09272 /* AddCurrentLocationCell.h */ = {isa = PBXFileReference; fileEncoding = 4; lastKnownFileType = sourcecode.c.h; name = AddCurrentLocationCell.h; path = LocationService/AddCurrentLocationCell.h; sourceTree = "<group>"; };
		F24BCAC517DBC8B500A09272 /* AddCurrentLocationCell.m */ = {isa = PBXFileReference; fileEncoding = 4; lastKnownFileType = sourcecode.c.objc; name = AddCurrentLocationCell.m; path = LocationService/AddCurrentLocationCell.m; sourceTree = "<group>"; };
		F272CFD817DCC4F4004C09A2 /* Geofence.h */ = {isa = PBXFileReference; fileEncoding = 4; lastKnownFileType = sourcecode.c.h; name = Geofence.h; path = Data/Geofence.h; sourceTree = "<group>"; };
		F272CFD917DCC4F4004C09A2 /* Geofence.m */ = {isa = PBXFileReference; fileEncoding = 4; lastKnownFileType = sourcecode.c.objc; name = Geofence.m; path = Data/Geofence.m; sourceTree = "<group>"; };
		F28D937317F0E47A0044943E /* DescriptionView.h */ = {isa = PBXFileReference; fileEncoding = 4; lastKnownFileType = sourcecode.c.h; name = DescriptionView.h; path = MainView/DescriptionView.h; sourceTree = "<group>"; };
		F28D937417F0E47A0044943E /* DescriptionView.m */ = {isa = PBXFileReference; fileEncoding = 4; lastKnownFileType = sourcecode.c.objc; name = DescriptionView.m; path = MainView/DescriptionView.m; sourceTree = "<group>"; };
		F28D937717F616350044943E /* Utilities.h */ = {isa = PBXFileReference; fileEncoding = 4; lastKnownFileType = sourcecode.c.h; name = Utilities.h; path = Utilities/Utilities.h; sourceTree = "<group>"; };
		F28D937817F616350044943E /* Utilities.m */ = {isa = PBXFileReference; fileEncoding = 4; lastKnownFileType = sourcecode.c.objc; name = Utilities.m; path = Utilities/Utilities.m; sourceTree = "<group>"; };
		F291949417F70CD00036D6E3 /* DescriptionScrollView.h */ = {isa = PBXFileReference; fileEncoding = 4; lastKnownFileType = sourcecode.c.h; name = DescriptionScrollView.h; path = MainView/DescriptionScrollView.h; sourceTree = "<group>"; };
		F291949517F70CD00036D6E3 /* DescriptionScrollView.m */ = {isa = PBXFileReference; fileEncoding = 4; lastKnownFileType = sourcecode.c.objc; name = DescriptionScrollView.m; path = MainView/DescriptionScrollView.m; sourceTree = "<group>"; };
		F2A0DDDF17CE9CA200EA93AF /* Until Off.app */ = {isa = PBXFileReference; explicitFileType = wrapper.application; includeInIndex = 0; path = "Until Off.app"; sourceTree = BUILT_PRODUCTS_DIR; };
		F2A0DDE217CE9CA200EA93AF /* Foundation.framework */ = {isa = PBXFileReference; lastKnownFileType = wrapper.framework; name = Foundation.framework; path = System/Library/Frameworks/Foundation.framework; sourceTree = SDKROOT; };
		F2A0DDE417CE9CA200EA93AF /* CoreGraphics.framework */ = {isa = PBXFileReference; lastKnownFileType = wrapper.framework; name = CoreGraphics.framework; path = System/Library/Frameworks/CoreGraphics.framework; sourceTree = SDKROOT; };
		F2A0DDE617CE9CA200EA93AF /* UIKit.framework */ = {isa = PBXFileReference; lastKnownFileType = wrapper.framework; name = UIKit.framework; path = System/Library/Frameworks/UIKit.framework; sourceTree = SDKROOT; };
		F2A0DDE817CE9CA200EA93AF /* CoreData.framework */ = {isa = PBXFileReference; lastKnownFileType = wrapper.framework; name = CoreData.framework; path = System/Library/Frameworks/CoreData.framework; sourceTree = SDKROOT; };
		F2A0DDEC17CE9CA300EA93AF /* Until Off-Info.plist */ = {isa = PBXFileReference; lastKnownFileType = text.plist.xml; path = "Until Off-Info.plist"; sourceTree = "<group>"; };
		F2A0DDEE17CE9CA300EA93AF /* en */ = {isa = PBXFileReference; lastKnownFileType = text.plist.strings; name = en; path = en.lproj/InfoPlist.strings; sourceTree = "<group>"; };
		F2A0DDF017CE9CA300EA93AF /* main.m */ = {isa = PBXFileReference; lastKnownFileType = sourcecode.c.objc; path = main.m; sourceTree = "<group>"; };
		F2A0DDF217CE9CA300EA93AF /* Until Off-Prefix.pch */ = {isa = PBXFileReference; lastKnownFileType = sourcecode.c.h; path = "Until Off-Prefix.pch"; sourceTree = "<group>"; };
		F2A0DDF317CE9CA300EA93AF /* AppDelegate.h */ = {isa = PBXFileReference; lastKnownFileType = sourcecode.c.h; path = AppDelegate.h; sourceTree = "<group>"; };
		F2A0DDF417CE9CA300EA93AF /* AppDelegate.m */ = {isa = PBXFileReference; lastKnownFileType = sourcecode.c.objc; path = AppDelegate.m; sourceTree = "<group>"; };
		F2A0DDF717CE9CA300EA93AF /* Until_Off.xcdatamodel */ = {isa = PBXFileReference; lastKnownFileType = wrapper.xcdatamodel; path = Until_Off.xcdatamodel; sourceTree = "<group>"; };
		F2A0DDFF17CE9CA300EA93AF /* Until OffTests.xctest */ = {isa = PBXFileReference; explicitFileType = wrapper.cfbundle; includeInIndex = 0; path = "Until OffTests.xctest"; sourceTree = BUILT_PRODUCTS_DIR; };
		F2A0DE0017CE9CA300EA93AF /* XCTest.framework */ = {isa = PBXFileReference; lastKnownFileType = wrapper.framework; name = XCTest.framework; path = Library/Frameworks/XCTest.framework; sourceTree = DEVELOPER_DIR; };
		F2A0DE0917CE9CA300EA93AF /* Until OffTests-Info.plist */ = {isa = PBXFileReference; lastKnownFileType = text.plist.xml; path = "Until OffTests-Info.plist"; sourceTree = "<group>"; };
		F2A0DE0B17CE9CA300EA93AF /* en */ = {isa = PBXFileReference; lastKnownFileType = text.plist.strings; name = en; path = en.lproj/InfoPlist.strings; sourceTree = "<group>"; };
		F2A0DE1817CFDC1100EA93AF /* MainViewController.h */ = {isa = PBXFileReference; fileEncoding = 4; lastKnownFileType = sourcecode.c.h; name = MainViewController.h; path = MainView/MainViewController.h; sourceTree = "<group>"; };
		F2A0DE1917CFDC1200EA93AF /* MainViewController.m */ = {isa = PBXFileReference; fileEncoding = 4; lastKnownFileType = sourcecode.c.objc; name = MainViewController.m; path = MainView/MainViewController.m; sourceTree = "<group>"; };
		F2A0DE2917D3C88B00EA93AF /* BatteryCalculationTests.m */ = {isa = PBXFileReference; fileEncoding = 4; lastKnownFileType = sourcecode.c.objc; path = BatteryCalculationTests.m; sourceTree = "<group>"; };
		F2A0DE2B17D3CCEC00EA93AF /* BatteryCalculation.h */ = {isa = PBXFileReference; fileEncoding = 4; lastKnownFileType = sourcecode.c.h; name = BatteryCalculation.h; path = MainView/BatteryCalculation.h; sourceTree = "<group>"; };
		F2A0DE2C17D3CCEC00EA93AF /* BatteryCalculation.m */ = {isa = PBXFileReference; fileEncoding = 4; lastKnownFileType = sourcecode.c.objc; name = BatteryCalculation.m; path = MainView/BatteryCalculation.m; sourceTree = "<group>"; };
		F2A0DE2F17D3CD3A00EA93AF /* MainView.h */ = {isa = PBXFileReference; fileEncoding = 4; lastKnownFileType = sourcecode.c.h; name = MainView.h; path = MainView/MainView.h; sourceTree = "<group>"; };
		F2A0DE3017D3CD3A00EA93AF /* MainView.m */ = {isa = PBXFileReference; fileEncoding = 4; lastKnownFileType = sourcecode.c.objc; name = MainView.m; path = MainView/MainView.m; sourceTree = "<group>"; };
		F2A0DE3317D5248F00EA93AF /* MockMeasurement.h */ = {isa = PBXFileReference; fileEncoding = 4; lastKnownFileType = sourcecode.c.h; path = MockMeasurement.h; sourceTree = "<group>"; };
		F2A0DE3417D5248F00EA93AF /* MockMeasurement.m */ = {isa = PBXFileReference; fileEncoding = 4; lastKnownFileType = sourcecode.c.objc; path = MockMeasurement.m; sourceTree = "<group>"; };
		F2A0DE3617DB44F100EA93AF /* CoreLocation.framework */ = {isa = PBXFileReference; lastKnownFileType = wrapper.framework; name = CoreLocation.framework; path = System/Library/Frameworks/CoreLocation.framework; sourceTree = SDKROOT; };
		F2AE7F0017E7990D00A1778F /* MainViewControllerTests.m */ = {isa = PBXFileReference; fileEncoding = 4; lastKnownFileType = sourcecode.c.objc; path = MainViewControllerTests.m; sourceTree = "<group>"; };
		F2AE7F0217EA33AF00A1778F /* MeasurementsManagerTests.m */ = {isa = PBXFileReference; fileEncoding = 4; lastKnownFileType = sourcecode.c.objc; path = MeasurementsManagerTests.m; sourceTree = "<group>"; };
		F2AE7F0417EA3C6700A1778F /* MeasurementsManager.h */ = {isa = PBXFileReference; fileEncoding = 4; lastKnownFileType = sourcecode.c.h; name = MeasurementsManager.h; path = MainView/MeasurementsManager.h; sourceTree = "<group>"; };
		F2AE7F0517EA3C6700A1778F /* MeasurementsManager.m */ = {isa = PBXFileReference; fileEncoding = 4; lastKnownFileType = sourcecode.c.objc; name = MeasurementsManager.m; path = MainView/MeasurementsManager.m; sourceTree = "<group>"; };
		F2AE7F0817EB8F0D00A1778F /* LocationHeaderView.h */ = {isa = PBXFileReference; fileEncoding = 4; lastKnownFileType = sourcecode.c.h; name = LocationHeaderView.h; path = LocationService/LocationHeaderView.h; sourceTree = "<group>"; };
		F2AE7F0917EB8F0D00A1778F /* LocationHeaderView.m */ = {isa = PBXFileReference; fileEncoding = 4; lastKnownFileType = sourcecode.c.objc; name = LocationHeaderView.m; path = LocationService/LocationHeaderView.m; sourceTree = "<group>"; };
/* End PBXFileReference section */

/* Begin PBXFrameworksBuildPhase section */
		F2A0DDDC17CE9CA200EA93AF /* Frameworks */ = {
			isa = PBXFrameworksBuildPhase;
			buildActionMask = 2147483647;
			files = (
				F2A0DE3717DB44F100EA93AF /* CoreLocation.framework in Frameworks */,
				F2A0DDE517CE9CA200EA93AF /* CoreGraphics.framework in Frameworks */,
				F2A0DDE917CE9CA200EA93AF /* CoreData.framework in Frameworks */,
				F2A0DDE717CE9CA200EA93AF /* UIKit.framework in Frameworks */,
				F2A0DDE317CE9CA200EA93AF /* Foundation.framework in Frameworks */,
			);
			runOnlyForDeploymentPostprocessing = 0;
		};
		F2A0DDFC17CE9CA300EA93AF /* Frameworks */ = {
			isa = PBXFrameworksBuildPhase;
			buildActionMask = 2147483647;
			files = (
				F2A0DE0117CE9CA300EA93AF /* XCTest.framework in Frameworks */,
				F2A0DE0417CE9CA300EA93AF /* CoreData.framework in Frameworks */,
				F2A0DE0317CE9CA300EA93AF /* UIKit.framework in Frameworks */,
				F2A0DE0217CE9CA300EA93AF /* Foundation.framework in Frameworks */,
			);
			runOnlyForDeploymentPostprocessing = 0;
		};
/* End PBXFrameworksBuildPhase section */

/* Begin PBXGroup section */
		F23EE44317E259D6005D5572 /* PredictionOverview */ = {
			isa = PBXGroup;
			children = (
				F23EE43F17E25757005D5572 /* PredictionsOverviewViewController.h */,
				F23EE44017E25757005D5572 /* PredictionsOverviewViewController.m */,
				F23EE44417E259F8005D5572 /* PredictionOverviewView.h */,
				F23EE44517E259F8005D5572 /* PredictionOverviewView.m */,
			);
			name = PredictionOverview;
			sourceTree = "<group>";
		};
		F24BCABB17DB794500A09272 /* LocationService */ = {
			isa = PBXGroup;
			children = (
				F24BCAB717DB793900A09272 /* LocationServiceViewController.h */,
				F24BCAB817DB793900A09272 /* LocationServiceViewController.m */,
				F24BCABC17DB79AB00A09272 /* LocationServiceLookAndFeel.h */,
				F24BCABD17DB79AB00A09272 /* LocationServiceLookAndFeel.m */,
				F24BCAC017DB8B0000A09272 /* LocationCell.h */,
				F24BCAC117DB8B0000A09272 /* LocationCell.m */,
				F24BCAC417DBC8B500A09272 /* AddCurrentLocationCell.h */,
				F24BCAC517DBC8B500A09272 /* AddCurrentLocationCell.m */,
				F2AE7F0817EB8F0D00A1778F /* LocationHeaderView.h */,
				F2AE7F0917EB8F0D00A1778F /* LocationHeaderView.m */,
			);
			name = LocationService;
			sourceTree = "<group>";
		};
		F28D937B17F6163C0044943E /* Utilities */ = {
			isa = PBXGroup;
			children = (
				F28D937717F616350044943E /* Utilities.h */,
				F28D937817F616350044943E /* Utilities.m */,
			);
			name = Utilities;
			sourceTree = "<group>";
		};
		F2A0DDD617CE9CA200EA93AF = {
			isa = PBXGroup;
			children = (
				F2A0DDEA17CE9CA300EA93AF /* Until Off */,
				F2A0DE0717CE9CA300EA93AF /* Until OffTests */,
				F2A0DDE117CE9CA200EA93AF /* Frameworks */,
				F2A0DDE017CE9CA200EA93AF /* Products */,
			);
			sourceTree = "<group>";
		};
		F2A0DDE017CE9CA200EA93AF /* Products */ = {
			isa = PBXGroup;
			children = (
				F2A0DDDF17CE9CA200EA93AF /* Until Off.app */,
				F2A0DDFF17CE9CA300EA93AF /* Until OffTests.xctest */,
			);
			name = Products;
			sourceTree = "<group>";
		};
		F2A0DDE117CE9CA200EA93AF /* Frameworks */ = {
			isa = PBXGroup;
			children = (
				F2A0DE3617DB44F100EA93AF /* CoreLocation.framework */,
				F2A0DDE217CE9CA200EA93AF /* Foundation.framework */,
				F2A0DDE417CE9CA200EA93AF /* CoreGraphics.framework */,
				F2A0DDE617CE9CA200EA93AF /* UIKit.framework */,
				F2A0DDE817CE9CA200EA93AF /* CoreData.framework */,
				F2A0DE0017CE9CA300EA93AF /* XCTest.framework */,
			);
			name = Frameworks;
			sourceTree = "<group>";
		};
		F2A0DDEA17CE9CA300EA93AF /* Until Off */ = {
			isa = PBXGroup;
			children = (
				F2A0DDF317CE9CA300EA93AF /* AppDelegate.h */,
				F2A0DDF417CE9CA300EA93AF /* AppDelegate.m */,
				F28D937B17F6163C0044943E /* Utilities */,
				F23EE44317E259D6005D5572 /* PredictionOverview */,
				F2A0DE1C17CFDC1800EA93AF /* MainView */,
				F24BCABB17DB794500A09272 /* LocationService */,
				F2A0DE1717CE9DF900EA93AF /* Data */,
				F22F2B1E17EDCCAC00EEFABD /* Images.xcassets */,
				F2A0DDEB17CE9CA300EA93AF /* Supporting Files */,
			);
			path = "Until Off";
			sourceTree = "<group>";
		};
		F2A0DDEB17CE9CA300EA93AF /* Supporting Files */ = {
			isa = PBXGroup;
			children = (
				F2A0DDEC17CE9CA300EA93AF /* Until Off-Info.plist */,
				F2A0DDED17CE9CA300EA93AF /* InfoPlist.strings */,
				F2A0DDF017CE9CA300EA93AF /* main.m */,
				F2A0DDF217CE9CA300EA93AF /* Until Off-Prefix.pch */,
			);
			name = "Supporting Files";
			sourceTree = "<group>";
		};
		F2A0DE0717CE9CA300EA93AF /* Until OffTests */ = {
			isa = PBXGroup;
			children = (
				F2A0DE2917D3C88B00EA93AF /* BatteryCalculationTests.m */,
				F2AE7F0017E7990D00A1778F /* MainViewControllerTests.m */,
				F2AE7F0217EA33AF00A1778F /* MeasurementsManagerTests.m */,
				F2A0DE3317D5248F00EA93AF /* MockMeasurement.h */,
				F2A0DE3417D5248F00EA93AF /* MockMeasurement.m */,
				F2A0DE0817CE9CA300EA93AF /* Supporting Files */,
			);
			path = "Until OffTests";
			sourceTree = "<group>";
		};
		F2A0DE0817CE9CA300EA93AF /* Supporting Files */ = {
			isa = PBXGroup;
			children = (
				F2A0DE0917CE9CA300EA93AF /* Until OffTests-Info.plist */,
				F2A0DE0A17CE9CA300EA93AF /* InfoPlist.strings */,
			);
			name = "Supporting Files";
			sourceTree = "<group>";
		};
		F2A0DE1717CE9DF900EA93AF /* Data */ = {
			isa = PBXGroup;
			children = (
				F2A0DDF617CE9CA300EA93AF /* Until_Off.xcdatamodeld */,
				F23EE43B17E25396005D5572 /* Prediction.h */,
				F23EE43C17E25396005D5572 /* Prediction.m */,
				F207546517DFB2E100981BE4 /* Measurement.h */,
				F207546617DFB2E100981BE4 /* Measurement.m */,
				F272CFD817DCC4F4004C09A2 /* Geofence.h */,
				F272CFD917DCC4F4004C09A2 /* Geofence.m */,
			);
			name = Data;
			sourceTree = "<group>";
		};
		F2A0DE1C17CFDC1800EA93AF /* MainView */ = {
			isa = PBXGroup;
			children = (
				F2A0DE1817CFDC1100EA93AF /* MainViewController.h */,
				F2A0DE1917CFDC1200EA93AF /* MainViewController.m */,
				F2AE7F0417EA3C6700A1778F /* MeasurementsManager.h */,
				F2AE7F0517EA3C6700A1778F /* MeasurementsManager.m */,
				F2A0DE2F17D3CD3A00EA93AF /* MainView.h */,
				F2A0DE3017D3CD3A00EA93AF /* MainView.m */,
				F28D937317F0E47A0044943E /* DescriptionView.h */,
				F28D937417F0E47A0044943E /* DescriptionView.m */,
				F291949417F70CD00036D6E3 /* DescriptionScrollView.h */,
				F291949517F70CD00036D6E3 /* DescriptionScrollView.m */,
				F2A0DE2B17D3CCEC00EA93AF /* BatteryCalculation.h */,
				F2A0DE2C17D3CCEC00EA93AF /* BatteryCalculation.m */,
			);
			name = MainView;
			sourceTree = "<group>";
		};
/* End PBXGroup section */

/* Begin PBXNativeTarget section */
		F2A0DDDE17CE9CA200EA93AF /* Until Off */ = {
			isa = PBXNativeTarget;
			buildConfigurationList = F2A0DE1117CE9CA300EA93AF /* Build configuration list for PBXNativeTarget "Until Off" */;
			buildPhases = (
				F2A0DDDB17CE9CA200EA93AF /* Sources */,
				F2A0DDDC17CE9CA200EA93AF /* Frameworks */,
				F2A0DDDD17CE9CA200EA93AF /* Resources */,
			);
			buildRules = (
			);
			dependencies = (
			);
			name = "Until Off";
			productName = "Until Off";
			productReference = F2A0DDDF17CE9CA200EA93AF /* Until Off.app */;
			productType = "com.apple.product-type.application";
		};
		F2A0DDFE17CE9CA300EA93AF /* Until OffTests */ = {
			isa = PBXNativeTarget;
			buildConfigurationList = F2A0DE1417CE9CA300EA93AF /* Build configuration list for PBXNativeTarget "Until OffTests" */;
			buildPhases = (
				F2A0DDFB17CE9CA300EA93AF /* Sources */,
				F2A0DDFC17CE9CA300EA93AF /* Frameworks */,
				F2A0DDFD17CE9CA300EA93AF /* Resources */,
			);
			buildRules = (
			);
			dependencies = (
				F2A0DE0617CE9CA300EA93AF /* PBXTargetDependency */,
			);
			name = "Until OffTests";
			productName = "Until OffTests";
			productReference = F2A0DDFF17CE9CA300EA93AF /* Until OffTests.xctest */;
			productType = "com.apple.product-type.bundle.unit-test";
		};
/* End PBXNativeTarget section */

/* Begin PBXProject section */
		F2A0DDD717CE9CA200EA93AF /* Project object */ = {
			isa = PBXProject;
			attributes = {
				LastUpgradeCheck = 0500;
				ORGANIZATIONNAME = dasdom;
				TargetAttributes = {
					F2A0DDFE17CE9CA300EA93AF = {
						TestTargetID = F2A0DDDE17CE9CA200EA93AF;
					};
				};
			};
			buildConfigurationList = F2A0DDDA17CE9CA200EA93AF /* Build configuration list for PBXProject "Until Off" */;
			compatibilityVersion = "Xcode 3.2";
			developmentRegion = English;
			hasScannedForEncodings = 0;
			knownRegions = (
				en,
			);
			mainGroup = F2A0DDD617CE9CA200EA93AF;
			productRefGroup = F2A0DDE017CE9CA200EA93AF /* Products */;
			projectDirPath = "";
			projectRoot = "";
			targets = (
				F2A0DDDE17CE9CA200EA93AF /* Until Off */,
				F2A0DDFE17CE9CA300EA93AF /* Until OffTests */,
			);
		};
/* End PBXProject section */

/* Begin PBXResourcesBuildPhase section */
		F2A0DDDD17CE9CA200EA93AF /* Resources */ = {
			isa = PBXResourcesBuildPhase;
			buildActionMask = 2147483647;
			files = (
				F2A0DDEF17CE9CA300EA93AF /* InfoPlist.strings in Resources */,
				F22F2B1F17EDCCAC00EEFABD /* Images.xcassets in Resources */,
			);
			runOnlyForDeploymentPostprocessing = 0;
		};
		F2A0DDFD17CE9CA300EA93AF /* Resources */ = {
			isa = PBXResourcesBuildPhase;
			buildActionMask = 2147483647;
			files = (
				F2A0DE0C17CE9CA300EA93AF /* InfoPlist.strings in Resources */,
			);
			runOnlyForDeploymentPostprocessing = 0;
		};
/* End PBXResourcesBuildPhase section */

/* Begin PBXSourcesBuildPhase section */
		F2A0DDDB17CE9CA200EA93AF /* Sources */ = {
			isa = PBXSourcesBuildPhase;
			buildActionMask = 2147483647;
			files = (
				F291949617F70CD00036D6E3 /* DescriptionScrollView.m in Sources */,
				F24BCAB917DB793900A09272 /* LocationServiceViewController.m in Sources */,
				F2A0DE2D17D3CCEC00EA93AF /* BatteryCalculation.m in Sources */,
				F2A0DDF517CE9CA300EA93AF /* AppDelegate.m in Sources */,
				F2A0DDF817CE9CA300EA93AF /* Until_Off.xcdatamodeld in Sources */,
				F28D937917F616350044943E /* Utilities.m in Sources */,
				F2AE7F0A17EB8F0D00A1778F /* LocationHeaderView.m in Sources */,
				F2AE7F0617EA3C6700A1778F /* MeasurementsManager.m in Sources */,
				F23EE44117E25757005D5572 /* PredictionsOverviewViewController.m in Sources */,
				F2A0DE3117D3CD3A00EA93AF /* MainView.m in Sources */,
				F24BCABE17DB79AB00A09272 /* LocationServiceLookAndFeel.m in Sources */,
				F28D937517F0E47A0044943E /* DescriptionView.m in Sources */,
				F207546717DFB2E100981BE4 /* Measurement.m in Sources */,
				F24BCAC617DBC8B500A09272 /* AddCurrentLocationCell.m in Sources */,
				F272CFDA17DCC4F4004C09A2 /* Geofence.m in Sources */,
				F2A0DDF117CE9CA300EA93AF /* main.m in Sources */,
				F24BCAC217DB8B0000A09272 /* LocationCell.m in Sources */,
				F23EE43D17E25396005D5572 /* Prediction.m in Sources */,
				F2A0DE1A17CFDC1200EA93AF /* MainViewController.m in Sources */,
				F23EE44617E259F8005D5572 /* PredictionOverviewView.m in Sources */,
			);
			runOnlyForDeploymentPostprocessing = 0;
		};
		F2A0DDFB17CE9CA300EA93AF /* Sources */ = {
			isa = PBXSourcesBuildPhase;
			buildActionMask = 2147483647;
			files = (
				F2A0DE3517D5248F00EA93AF /* MockMeasurement.m in Sources */,
				F2AE7F0717EA3C6700A1778F /* MeasurementsManager.m in Sources */,
				F2AE7F0117E7990D00A1778F /* MainViewControllerTests.m in Sources */,
				F207546817DFB2E100981BE4 /* Measurement.m in Sources */,
				F23EE44217E25757005D5572 /* PredictionsOverviewViewController.m in Sources */,
				F24BCAC317DB8B0000A09272 /* LocationCell.m in Sources */,
				F23EE44717E259F8005D5572 /* PredictionOverviewView.m in Sources */,
				F28D937617F0E47A0044943E /* DescriptionView.m in Sources */,
				F24BCAC717DBC8B500A09272 /* AddCurrentLocationCell.m in Sources */,
				F23EE43E17E25396005D5572 /* Prediction.m in Sources */,
				F2A0DE2E17D3CCEC00EA93AF /* BatteryCalculation.m in Sources */,
				F272CFDB17DCC4F4004C09A2 /* Geofence.m in Sources */,
				F24BCABA17DB793900A09272 /* LocationServiceViewController.m in Sources */,
				F291949717F70CD00036D6E3 /* DescriptionScrollView.m in Sources */,
				F24BCABF17DB79AB00A09272 /* LocationServiceLookAndFeel.m in Sources */,
				F28D937A17F616350044943E /* Utilities.m in Sources */,
				F2AE7F0317EA33AF00A1778F /* MeasurementsManagerTests.m in Sources */,
				F2A0DE1B17CFDC1200EA93AF /* MainViewController.m in Sources */,
				F2A0DE2A17D3C88B00EA93AF /* BatteryCalculationTests.m in Sources */,
				F2AE7F0B17EB8F0D00A1778F /* LocationHeaderView.m in Sources */,
				F2A0DE3217D3CD3A00EA93AF /* MainView.m in Sources */,
			);
			runOnlyForDeploymentPostprocessing = 0;
		};
/* End PBXSourcesBuildPhase section */

/* Begin PBXTargetDependency section */
		F2A0DE0617CE9CA300EA93AF /* PBXTargetDependency */ = {
			isa = PBXTargetDependency;
			target = F2A0DDDE17CE9CA200EA93AF /* Until Off */;
			targetProxy = F2A0DE0517CE9CA300EA93AF /* PBXContainerItemProxy */;
		};
/* End PBXTargetDependency section */

/* Begin PBXVariantGroup section */
		F2A0DDED17CE9CA300EA93AF /* InfoPlist.strings */ = {
			isa = PBXVariantGroup;
			children = (
				F2A0DDEE17CE9CA300EA93AF /* en */,
			);
			name = InfoPlist.strings;
			sourceTree = "<group>";
		};
		F2A0DE0A17CE9CA300EA93AF /* InfoPlist.strings */ = {
			isa = PBXVariantGroup;
			children = (
				F2A0DE0B17CE9CA300EA93AF /* en */,
			);
			name = InfoPlist.strings;
			sourceTree = "<group>";
		};
/* End PBXVariantGroup section */

/* Begin XCBuildConfiguration section */
		F2A0DE0F17CE9CA300EA93AF /* Debug */ = {
			isa = XCBuildConfiguration;
			buildSettings = {
				ALWAYS_SEARCH_USER_PATHS = NO;
				CLANG_CXX_LANGUAGE_STANDARD = "gnu++0x";
				CLANG_CXX_LIBRARY = "libc++";
				CLANG_ENABLE_MODULES = YES;
				CLANG_ENABLE_OBJC_ARC = YES;
				CLANG_WARN_BOOL_CONVERSION = YES;
				CLANG_WARN_CONSTANT_CONVERSION = YES;
				CLANG_WARN_DIRECT_OBJC_ISA_USAGE = YES_ERROR;
				CLANG_WARN_EMPTY_BODY = YES;
				CLANG_WARN_ENUM_CONVERSION = YES;
				CLANG_WARN_INT_CONVERSION = YES;
				CLANG_WARN_OBJC_ROOT_CLASS = YES_ERROR;
				CLANG_WARN__DUPLICATE_METHOD_MATCH = YES;
				"CODE_SIGN_IDENTITY[sdk=iphoneos*]" = "iPhone Developer";
				COPY_PHASE_STRIP = NO;
				GCC_C_LANGUAGE_STANDARD = gnu99;
				GCC_DYNAMIC_NO_PIC = NO;
				GCC_OPTIMIZATION_LEVEL = 0;
				GCC_PREPROCESSOR_DEFINITIONS = (
					"DEBUG=1",
					"$(inherited)",
				);
				GCC_SYMBOLS_PRIVATE_EXTERN = NO;
				GCC_WARN_ABOUT_RETURN_TYPE = YES_ERROR;
				GCC_WARN_UNDECLARED_SELECTOR = YES;
				GCC_WARN_UNINITIALIZED_AUTOS = YES;
				GCC_WARN_UNUSED_FUNCTION = YES;
				GCC_WARN_UNUSED_VARIABLE = YES;
				IPHONEOS_DEPLOYMENT_TARGET = 7.0;
				ONLY_ACTIVE_ARCH = YES;
				SDKROOT = iphoneos;
			};
			name = Debug;
		};
		F2A0DE1017CE9CA300EA93AF /* Release */ = {
			isa = XCBuildConfiguration;
			buildSettings = {
				ALWAYS_SEARCH_USER_PATHS = NO;
				CLANG_CXX_LANGUAGE_STANDARD = "gnu++0x";
				CLANG_CXX_LIBRARY = "libc++";
				CLANG_ENABLE_MODULES = YES;
				CLANG_ENABLE_OBJC_ARC = YES;
				CLANG_WARN_BOOL_CONVERSION = YES;
				CLANG_WARN_CONSTANT_CONVERSION = YES;
				CLANG_WARN_DIRECT_OBJC_ISA_USAGE = YES_ERROR;
				CLANG_WARN_EMPTY_BODY = YES;
				CLANG_WARN_ENUM_CONVERSION = YES;
				CLANG_WARN_INT_CONVERSION = YES;
				CLANG_WARN_OBJC_ROOT_CLASS = YES_ERROR;
				CLANG_WARN__DUPLICATE_METHOD_MATCH = YES;
				"CODE_SIGN_IDENTITY[sdk=iphoneos*]" = "iPhone Distribution: Dominik Hauser";
				COPY_PHASE_STRIP = YES;
				ENABLE_NS_ASSERTIONS = NO;
				GCC_C_LANGUAGE_STANDARD = gnu99;
				GCC_WARN_ABOUT_RETURN_TYPE = YES_ERROR;
				GCC_WARN_UNDECLARED_SELECTOR = YES;
				GCC_WARN_UNINITIALIZED_AUTOS = YES;
				GCC_WARN_UNUSED_FUNCTION = YES;
				GCC_WARN_UNUSED_VARIABLE = YES;
				IPHONEOS_DEPLOYMENT_TARGET = 7.0;
				SDKROOT = iphoneos;
				VALIDATE_PRODUCT = YES;
			};
			name = Release;
		};
		F2A0DE1217CE9CA300EA93AF /* Debug */ = {
			isa = XCBuildConfiguration;
			buildSettings = {
				ASSETCATALOG_COMPILER_APPICON_NAME = AppIcon;
				ASSETCATALOG_COMPILER_LAUNCHIMAGE_NAME = LaunchImage;
				"CODE_SIGN_IDENTITY[sdk=iphoneos*]" = "iPhone Developer: Dominik Hauser (MNX8UVNQT5)";
				GCC_PRECOMPILE_PREFIX_HEADER = YES;
				GCC_PREFIX_HEADER = "Until Off/Until Off-Prefix.pch";
				INFOPLIST_FILE = "Until Off/Until Off-Info.plist";
				IPHONEOS_DEPLOYMENT_TARGET = 7.0;
				PRODUCT_NAME = "$(TARGET_NAME)";
				TARGETED_DEVICE_FAMILY = 1;
				WRAPPER_EXTENSION = app;
			};
			name = Debug;
		};
		F2A0DE1317CE9CA300EA93AF /* Release */ = {
			isa = XCBuildConfiguration;
			buildSettings = {
				ASSETCATALOG_COMPILER_APPICON_NAME = AppIcon;
				ASSETCATALOG_COMPILER_LAUNCHIMAGE_NAME = LaunchImage;
				"CODE_SIGN_IDENTITY[sdk=iphoneos*]" = "iPhone Distribution: Dominik Hauser";
				GCC_PRECOMPILE_PREFIX_HEADER = YES;
				GCC_PREFIX_HEADER = "Until Off/Until Off-Prefix.pch";
				INFOPLIST_FILE = "Until Off/Until Off-Info.plist";
				IPHONEOS_DEPLOYMENT_TARGET = 7.0;
				PRODUCT_NAME = "$(TARGET_NAME)";
				TARGETED_DEVICE_FAMILY = 1;
				WRAPPER_EXTENSION = app;
			};
			name = Release;
		};
		F2A0DE1517CE9CA300EA93AF /* Debug */ = {
			isa = XCBuildConfiguration;
			buildSettings = {
				BUNDLE_LOADER = "$(BUILT_PRODUCTS_DIR)/Until Off.app/Until Off";
				FRAMEWORK_SEARCH_PATHS = (
					"$(SDKROOT)/Developer/Library/Frameworks",
					"$(inherited)",
					"$(DEVELOPER_FRAMEWORKS_DIR)",
				);
				GCC_PRECOMPILE_PREFIX_HEADER = YES;
				GCC_PREFIX_HEADER = "Until Off/Until Off-Prefix.pch";
				GCC_PREPROCESSOR_DEFINITIONS = (
					"DEBUG=1",
					"$(inherited)",
				);
				INFOPLIST_FILE = "Until OffTests/Until OffTests-Info.plist";
				PRODUCT_NAME = "$(TARGET_NAME)";
				TEST_HOST = "$(BUNDLE_LOADER)";
				WRAPPER_EXTENSION = xctest;
			};
			name = Debug;
		};
		F2A0DE1617CE9CA300EA93AF /* Release */ = {
			isa = XCBuildConfiguration;
			buildSettings = {
				BUNDLE_LOADER = "$(BUILT_PRODUCTS_DIR)/Until Off.app/Until Off";
				FRAMEWORK_SEARCH_PATHS = (
					"$(SDKROOT)/Developer/Library/Frameworks",
					"$(inherited)",
					"$(DEVELOPER_FRAMEWORKS_DIR)",
				);
				GCC_PRECOMPILE_PREFIX_HEADER = YES;
				GCC_PREFIX_HEADER = "Until Off/Until Off-Prefix.pch";
				INFOPLIST_FILE = "Until OffTests/Until OffTests-Info.plist";
				PRODUCT_NAME = "$(TARGET_NAME)";
				TEST_HOST = "$(BUNDLE_LOADER)";
				WRAPPER_EXTENSION = xctest;
			};
			name = Release;
		};
/* End XCBuildConfiguration section */

/* Begin XCConfigurationList section */
		F2A0DDDA17CE9CA200EA93AF /* Build configuration list for PBXProject "Until Off" */ = {
			isa = XCConfigurationList;
			buildConfigurations = (
				F2A0DE0F17CE9CA300EA93AF /* Debug */,
				F2A0DE1017CE9CA300EA93AF /* Release */,
			);
			defaultConfigurationIsVisible = 0;
			defaultConfigurationName = Release;
		};
		F2A0DE1117CE9CA300EA93AF /* Build configuration list for PBXNativeTarget "Until Off" */ = {
			isa = XCConfigurationList;
			buildConfigurations = (
				F2A0DE1217CE9CA300EA93AF /* Debug */,
				F2A0DE1317CE9CA300EA93AF /* Release */,
			);
			defaultConfigurationIsVisible = 0;
			defaultConfigurationName = Release;
		};
		F2A0DE1417CE9CA300EA93AF /* Build configuration list for PBXNativeTarget "Until OffTests" */ = {
			isa = XCConfigurationList;
			buildConfigurations = (
				F2A0DE1517CE9CA300EA93AF /* Debug */,
				F2A0DE1617CE9CA300EA93AF /* Release */,
			);
			defaultConfigurationIsVisible = 0;
			defaultConfigurationName = Release;
		};
/* End XCConfigurationList section */

/* Begin XCVersionGroup section */
		F2A0DDF617CE9CA300EA93AF /* Until_Off.xcdatamodeld */ = {
			isa = XCVersionGroup;
			children = (
				F2A0DDF717CE9CA300EA93AF /* Until_Off.xcdatamodel */,
			);
			currentVersion = F2A0DDF717CE9CA300EA93AF /* Until_Off.xcdatamodel */;
			path = Until_Off.xcdatamodeld;
			sourceTree = "<group>";
			versionGroupType = wrapper.xcdatamodel;
		};
/* End XCVersionGroup section */
	};
	rootObject = F2A0DDD717CE9CA200EA93AF /* Project object */;
}
